// !$*UTF8*$!
{
	archiveVersion = 1;
	classes = {
	};
	objectVersion = 55;
	objects = {

/* Begin PBXBuildFile section */
		4525F4EC27F1F85E00BEA217 /* GithubSearchNavigator.swift in Sources */ = {isa = PBXBuildFile; fileRef = 4525F4EA27F1F85E00BEA217 /* GithubSearchNavigator.swift */; };
		4525F4ED27F1F85E00BEA217 /* GithubSearchDetailNavigator.swift in Sources */ = {isa = PBXBuildFile; fileRef = 4525F4EB27F1F85E00BEA217 /* GithubSearchDetailNavigator.swift */; };
		4525F4F027F1F8B400BEA217 /* Core in Frameworks */ = {isa = PBXBuildFile; productRef = 4525F4EF27F1F8B400BEA217 /* Core */; };
		4560536527F5CB0300BBD4BA /* GithubSearch in Frameworks */ = {isa = PBXBuildFile; productRef = 4560536427F5CB0300BBD4BA /* GithubSearch */; };
		4560536727F5CB0500BBD4BA /* GithubSearchDetail in Frameworks */ = {isa = PBXBuildFile; productRef = 4560536627F5CB0500BBD4BA /* GithubSearchDetail */; };
		458B8C3F27F1D88D000A7FF7 /* AppDelegate.swift in Sources */ = {isa = PBXBuildFile; fileRef = 458B8C3E27F1D88D000A7FF7 /* AppDelegate.swift */; };
		458B8C4127F1D88D000A7FF7 /* SceneDelegate.swift in Sources */ = {isa = PBXBuildFile; fileRef = 458B8C4027F1D88D000A7FF7 /* SceneDelegate.swift */; };
		458B8C4827F1D890000A7FF7 /* Assets.xcassets in Resources */ = {isa = PBXBuildFile; fileRef = 458B8C4727F1D890000A7FF7 /* Assets.xcassets */; };
		458B8C4B27F1D890000A7FF7 /* LaunchScreen.storyboard in Resources */ = {isa = PBXBuildFile; fileRef = 458B8C4927F1D890000A7FF7 /* LaunchScreen.storyboard */; };
/* End PBXBuildFile section */

/* Begin PBXFileReference section */
		4525F4EA27F1F85E00BEA217 /* GithubSearchNavigator.swift */ = {isa = PBXFileReference; fileEncoding = 4; lastKnownFileType = sourcecode.swift; path = GithubSearchNavigator.swift; sourceTree = "<group>"; };
		4525F4EB27F1F85E00BEA217 /* GithubSearchDetailNavigator.swift */ = {isa = PBXFileReference; fileEncoding = 4; lastKnownFileType = sourcecode.swift; path = GithubSearchDetailNavigator.swift; sourceTree = "<group>"; };
		458B8C3B27F1D88D000A7FF7 /* GithubSearchModular.app */ = {isa = PBXFileReference; explicitFileType = wrapper.application; includeInIndex = 0; path = GithubSearchModular.app; sourceTree = BUILT_PRODUCTS_DIR; };
		458B8C3E27F1D88D000A7FF7 /* AppDelegate.swift */ = {isa = PBXFileReference; lastKnownFileType = sourcecode.swift; path = AppDelegate.swift; sourceTree = "<group>"; };
		458B8C4027F1D88D000A7FF7 /* SceneDelegate.swift */ = {isa = PBXFileReference; lastKnownFileType = sourcecode.swift; path = SceneDelegate.swift; sourceTree = "<group>"; };
		458B8C4727F1D890000A7FF7 /* Assets.xcassets */ = {isa = PBXFileReference; lastKnownFileType = folder.assetcatalog; path = Assets.xcassets; sourceTree = "<group>"; };
		458B8C4A27F1D890000A7FF7 /* Base */ = {isa = PBXFileReference; lastKnownFileType = file.storyboard; name = Base; path = Base.lproj/LaunchScreen.storyboard; sourceTree = "<group>"; };
		458B8C4C27F1D890000A7FF7 /* Info.plist */ = {isa = PBXFileReference; lastKnownFileType = text.plist.xml; path = Info.plist; sourceTree = "<group>"; };
		458B8C5427F1F2FA000A7FF7 /* Core */ = {isa = PBXFileReference; lastKnownFileType = wrapper; name = Core; path = Packages/Core; sourceTree = "<group>"; };
		458B8C5627F1F7EE000A7FF7 /* GithubSearch */ = {isa = PBXFileReference; lastKnownFileType = wrapper; name = GithubSearch; path = Packages/GithubSearch; sourceTree = "<group>"; };
		458B8C5727F1F7FA000A7FF7 /* GithubSearchDetail */ = {isa = PBXFileReference; lastKnownFileType = wrapper; name = GithubSearchDetail; path = Packages/GithubSearchDetail; sourceTree = "<group>"; };
/* End PBXFileReference section */

/* Begin PBXFrameworksBuildPhase section */
		458B8C3827F1D88D000A7FF7 /* Frameworks */ = {
			isa = PBXFrameworksBuildPhase;
			buildActionMask = 2147483647;
			files = (
				4525F4F027F1F8B400BEA217 /* Core in Frameworks */,
				4560536527F5CB0300BBD4BA /* GithubSearch in Frameworks */,
				4560536727F5CB0500BBD4BA /* GithubSearchDetail in Frameworks */,
			);
			runOnlyForDeploymentPostprocessing = 0;
		};
/* End PBXFrameworksBuildPhase section */

/* Begin PBXGroup section */
		4525F4E927F1F83400BEA217 /* Navigator */ = {
			isa = PBXGroup;
			children = (
				4525F4EB27F1F85E00BEA217 /* GithubSearchDetailNavigator.swift */,
				4525F4EA27F1F85E00BEA217 /* GithubSearchNavigator.swift */,
			);
			path = Navigator;
			sourceTree = "<group>";
		};
		4525F4EE27F1F8B400BEA217 /* Frameworks */ = {
			isa = PBXGroup;
			children = (
			);
			name = Frameworks;
			sourceTree = "<group>";
		};
		458B8C3227F1D88D000A7FF7 = {
			isa = PBXGroup;
			children = (
				458B8C5227F1F2E7000A7FF7 /* Packages */,
				458B8C3D27F1D88D000A7FF7 /* GithubSearchModular */,
				458B8C3C27F1D88D000A7FF7 /* Products */,
				4525F4EE27F1F8B400BEA217 /* Frameworks */,
			);
			sourceTree = "<group>";
		};
		458B8C3C27F1D88D000A7FF7 /* Products */ = {
			isa = PBXGroup;
			children = (
				458B8C3B27F1D88D000A7FF7 /* GithubSearchModular.app */,
			);
			name = Products;
			sourceTree = "<group>";
		};
		458B8C3D27F1D88D000A7FF7 /* GithubSearchModular */ = {
			isa = PBXGroup;
			children = (
				4525F4E927F1F83400BEA217 /* Navigator */,
				458B8C3E27F1D88D000A7FF7 /* AppDelegate.swift */,
				458B8C4027F1D88D000A7FF7 /* SceneDelegate.swift */,
				458B8C4727F1D890000A7FF7 /* Assets.xcassets */,
				458B8C4927F1D890000A7FF7 /* LaunchScreen.storyboard */,
				458B8C4C27F1D890000A7FF7 /* Info.plist */,
			);
			path = GithubSearchModular;
			sourceTree = "<group>";
		};
		458B8C5227F1F2E7000A7FF7 /* Packages */ = {
			isa = PBXGroup;
			children = (
				458B8C5427F1F2FA000A7FF7 /* Core */,
				458B8C5627F1F7EE000A7FF7 /* GithubSearch */,
				458B8C5727F1F7FA000A7FF7 /* GithubSearchDetail */,
			);
			name = Packages;
			sourceTree = "<group>";
		};
/* End PBXGroup section */

/* Begin PBXNativeTarget section */
		458B8C3A27F1D88D000A7FF7 /* GithubSearchModular */ = {
			isa = PBXNativeTarget;
			buildConfigurationList = 458B8C4F27F1D890000A7FF7 /* Build configuration list for PBXNativeTarget "GithubSearchModular" */;
			buildPhases = (
				458B8C3727F1D88D000A7FF7 /* Sources */,
				458B8C3827F1D88D000A7FF7 /* Frameworks */,
				458B8C3927F1D88D000A7FF7 /* Resources */,
			);
			buildRules = (
			);
			dependencies = (
			);
			name = GithubSearchModular;
			packageProductDependencies = (
				4525F4EF27F1F8B400BEA217 /* Core */,
				4560536427F5CB0300BBD4BA /* GithubSearch */,
				4560536627F5CB0500BBD4BA /* GithubSearchDetail */,
			);
			productName = GithubSearchModular;
			productReference = 458B8C3B27F1D88D000A7FF7 /* GithubSearchModular.app */;
			productType = "com.apple.product-type.application";
		};
/* End PBXNativeTarget section */

/* Begin PBXProject section */
		458B8C3327F1D88D000A7FF7 /* Project object */ = {
			isa = PBXProject;
			attributes = {
				BuildIndependentTargetsInParallel = 1;
				LastSwiftUpdateCheck = 1330;
				LastUpgradeCheck = 1330;
				TargetAttributes = {
					458B8C3A27F1D88D000A7FF7 = {
						CreatedOnToolsVersion = 13.3;
					};
				};
			};
			buildConfigurationList = 458B8C3627F1D88D000A7FF7 /* Build configuration list for PBXProject "GithubSearchModular" */;
			compatibilityVersion = "Xcode 13.0";
			developmentRegion = en;
			hasScannedForEncodings = 0;
			knownRegions = (
				en,
				Base,
			);
			mainGroup = 458B8C3227F1D88D000A7FF7;
			productRefGroup = 458B8C3C27F1D88D000A7FF7 /* Products */;
			projectDirPath = "";
			projectRoot = "";
			targets = (
				458B8C3A27F1D88D000A7FF7 /* GithubSearchModular */,
			);
		};
/* End PBXProject section */

/* Begin PBXResourcesBuildPhase section */
		458B8C3927F1D88D000A7FF7 /* Resources */ = {
			isa = PBXResourcesBuildPhase;
			buildActionMask = 2147483647;
			files = (
				458B8C4B27F1D890000A7FF7 /* LaunchScreen.storyboard in Resources */,
				458B8C4827F1D890000A7FF7 /* Assets.xcassets in Resources */,
			);
			runOnlyForDeploymentPostprocessing = 0;
		};
/* End PBXResourcesBuildPhase section */

/* Begin PBXSourcesBuildPhase section */
		458B8C3727F1D88D000A7FF7 /* Sources */ = {
			isa = PBXSourcesBuildPhase;
			buildActionMask = 2147483647;
			files = (
				458B8C3F27F1D88D000A7FF7 /* AppDelegate.swift in Sources */,
				4525F4EC27F1F85E00BEA217 /* GithubSearchNavigator.swift in Sources */,
				4525F4ED27F1F85E00BEA217 /* GithubSearchDetailNavigator.swift in Sources */,
				458B8C4127F1D88D000A7FF7 /* SceneDelegate.swift in Sources */,
			);
			runOnlyForDeploymentPostprocessing = 0;
		};
/* End PBXSourcesBuildPhase section */

/* Begin PBXVariantGroup section */
		458B8C4927F1D890000A7FF7 /* LaunchScreen.storyboard */ = {
			isa = PBXVariantGroup;
			children = (
				458B8C4A27F1D890000A7FF7 /* Base */,
			);
			name = LaunchScreen.storyboard;
			sourceTree = "<group>";
		};
/* End PBXVariantGroup section */

/* Begin XCBuildConfiguration section */
		458B8C4D27F1D890000A7FF7 /* Debug */ = {
			isa = XCBuildConfiguration;
			buildSettings = {
				ALWAYS_SEARCH_USER_PATHS = NO;
				CLANG_ANALYZER_NONNULL = YES;
				CLANG_ANALYZER_NUMBER_OBJECT_CONVERSION = YES_AGGRESSIVE;
				CLANG_CXX_LANGUAGE_STANDARD = "gnu++17";
				CLANG_ENABLE_MODULES = YES;
				CLANG_ENABLE_OBJC_ARC = YES;
				CLANG_ENABLE_OBJC_WEAK = YES;
				CLANG_WARN_BLOCK_CAPTURE_AUTORELEASING = YES;
				CLANG_WARN_BOOL_CONVERSION = YES;
				CLANG_WARN_COMMA = YES;
				CLANG_WARN_CONSTANT_CONVERSION = YES;
				CLANG_WARN_DEPRECATED_OBJC_IMPLEMENTATIONS = YES;
				CLANG_WARN_DIRECT_OBJC_ISA_USAGE = YES_ERROR;
				CLANG_WARN_DOCUMENTATION_COMMENTS = YES;
				CLANG_WARN_EMPTY_BODY = YES;
				CLANG_WARN_ENUM_CONVERSION = YES;
				CLANG_WARN_INFINITE_RECURSION = YES;
				CLANG_WARN_INT_CONVERSION = YES;
				CLANG_WARN_NON_LITERAL_NULL_CONVERSION = YES;
				CLANG_WARN_OBJC_IMPLICIT_RETAIN_SELF = YES;
				CLANG_WARN_OBJC_LITERAL_CONVERSION = YES;
				CLANG_WARN_OBJC_ROOT_CLASS = YES_ERROR;
				CLANG_WARN_QUOTED_INCLUDE_IN_FRAMEWORK_HEADER = YES;
				CLANG_WARN_RANGE_LOOP_ANALYSIS = YES;
				CLANG_WARN_STRICT_PROTOTYPES = YES;
				CLANG_WARN_SUSPICIOUS_MOVE = YES;
				CLANG_WARN_UNGUARDED_AVAILABILITY = YES_AGGRESSIVE;
				CLANG_WARN_UNREACHABLE_CODE = YES;
				CLANG_WARN__DUPLICATE_METHOD_MATCH = YES;
				COPY_PHASE_STRIP = NO;
				DEBUG_INFORMATION_FORMAT = dwarf;
				ENABLE_STRICT_OBJC_MSGSEND = YES;
				ENABLE_TESTABILITY = YES;
				GCC_C_LANGUAGE_STANDARD = gnu11;
				GCC_DYNAMIC_NO_PIC = NO;
				GCC_NO_COMMON_BLOCKS = YES;
				GCC_OPTIMIZATION_LEVEL = 0;
				GCC_PREPROCESSOR_DEFINITIONS = (
					"DEBUG=1",
					"$(inherited)",
				);
				GCC_WARN_64_TO_32_BIT_CONVERSION = YES;
				GCC_WARN_ABOUT_RETURN_TYPE = YES_ERROR;
				GCC_WARN_UNDECLARED_SELECTOR = YES;
				GCC_WARN_UNINITIALIZED_AUTOS = YES_AGGRESSIVE;
				GCC_WARN_UNUSED_FUNCTION = YES;
				GCC_WARN_UNUSED_VARIABLE = YES;
				IPHONEOS_DEPLOYMENT_TARGET = 15.0;
				MTL_ENABLE_DEBUG_INFO = INCLUDE_SOURCE;
				MTL_FAST_MATH = YES;
				ONLY_ACTIVE_ARCH = YES;
				SDKROOT = iphoneos;
				SWIFT_ACTIVE_COMPILATION_CONDITIONS = DEBUG;
				SWIFT_OPTIMIZATION_LEVEL = "-Onone";
			};
			name = Debug;
		};
		458B8C4E27F1D890000A7FF7 /* Release */ = {
			isa = XCBuildConfiguration;
			buildSettings = {
				ALWAYS_SEARCH_USER_PATHS = NO;
				CLANG_ANALYZER_NONNULL = YES;
				CLANG_ANALYZER_NUMBER_OBJECT_CONVERSION = YES_AGGRESSIVE;
				CLANG_CXX_LANGUAGE_STANDARD = "gnu++17";
				CLANG_ENABLE_MODULES = YES;
				CLANG_ENABLE_OBJC_ARC = YES;
				CLANG_ENABLE_OBJC_WEAK = YES;
				CLANG_WARN_BLOCK_CAPTURE_AUTORELEASING = YES;
				CLANG_WARN_BOOL_CONVERSION = YES;
				CLANG_WARN_COMMA = YES;
				CLANG_WARN_CONSTANT_CONVERSION = YES;
				CLANG_WARN_DEPRECATED_OBJC_IMPLEMENTATIONS = YES;
				CLANG_WARN_DIRECT_OBJC_ISA_USAGE = YES_ERROR;
				CLANG_WARN_DOCUMENTATION_COMMENTS = YES;
				CLANG_WARN_EMPTY_BODY = YES;
				CLANG_WARN_ENUM_CONVERSION = YES;
				CLANG_WARN_INFINITE_RECURSION = YES;
				CLANG_WARN_INT_CONVERSION = YES;
				CLANG_WARN_NON_LITERAL_NULL_CONVERSION = YES;
				CLANG_WARN_OBJC_IMPLICIT_RETAIN_SELF = YES;
				CLANG_WARN_OBJC_LITERAL_CONVERSION = YES;
				CLANG_WARN_OBJC_ROOT_CLASS = YES_ERROR;
				CLANG_WARN_QUOTED_INCLUDE_IN_FRAMEWORK_HEADER = YES;
				CLANG_WARN_RANGE_LOOP_ANALYSIS = YES;
				CLANG_WARN_STRICT_PROTOTYPES = YES;
				CLANG_WARN_SUSPICIOUS_MOVE = YES;
				CLANG_WARN_UNGUARDED_AVAILABILITY = YES_AGGRESSIVE;
				CLANG_WARN_UNREACHABLE_CODE = YES;
				CLANG_WARN__DUPLICATE_METHOD_MATCH = YES;
				COPY_PHASE_STRIP = NO;
				DEBUG_INFORMATION_FORMAT = "dwarf-with-dsym";
				ENABLE_NS_ASSERTIONS = NO;
				ENABLE_STRICT_OBJC_MSGSEND = YES;
				GCC_C_LANGUAGE_STANDARD = gnu11;
				GCC_NO_COMMON_BLOCKS = YES;
				GCC_WARN_64_TO_32_BIT_CONVERSION = YES;
				GCC_WARN_ABOUT_RETURN_TYPE = YES_ERROR;
				GCC_WARN_UNDECLARED_SELECTOR = YES;
				GCC_WARN_UNINITIALIZED_AUTOS = YES_AGGRESSIVE;
				GCC_WARN_UNUSED_FUNCTION = YES;
				GCC_WARN_UNUSED_VARIABLE = YES;
				IPHONEOS_DEPLOYMENT_TARGET = 15.0;
				MTL_ENABLE_DEBUG_INFO = NO;
				MTL_FAST_MATH = YES;
				SDKROOT = iphoneos;
				SWIFT_COMPILATION_MODE = wholemodule;
				SWIFT_OPTIMIZATION_LEVEL = "-O";
				VALIDATE_PRODUCT = YES;
			};
			name = Release;
		};
		458B8C5027F1D890000A7FF7 /* Debug */ = {
			isa = XCBuildConfiguration;
			buildSettings = {
				ASSETCATALOG_COMPILER_APPICON_NAME = AppIcon;
				ASSETCATALOG_COMPILER_GLOBAL_ACCENT_COLOR_NAME = AccentColor;
				CODE_SIGN_STYLE = Automatic;
				CURRENT_PROJECT_VERSION = 1;
				DEVELOPMENT_TEAM = HM4WJFCVK8;
				GENERATE_INFOPLIST_FILE = YES;
				INFOPLIST_FILE = GithubSearchModular/Info.plist;
				INFOPLIST_KEY_CFBundleDisplayName = Modular;
				INFOPLIST_KEY_UIApplicationSupportsIndirectInputEvents = YES;
				INFOPLIST_KEY_UILaunchStoryboardName = LaunchScreen;
				INFOPLIST_KEY_UIMainStoryboardFile = LaunchScreen;
				INFOPLIST_KEY_UISupportedInterfaceOrientations_iPad = "UIInterfaceOrientationPortrait UIInterfaceOrientationPortraitUpsideDown UIInterfaceOrientationLandscapeLeft UIInterfaceOrientationLandscapeRight";
				INFOPLIST_KEY_UISupportedInterfaceOrientations_iPhone = "UIInterfaceOrientationPortrait UIInterfaceOrientationLandscapeLeft UIInterfaceOrientationLandscapeRight";
				IPHONEOS_DEPLOYMENT_TARGET = 15.0;
				LD_RUNPATH_SEARCH_PATHS = (
					"$(inherited)",
					"@executable_path/Frameworks",
				);
				MARKETING_VERSION = 1.0;
				PRODUCT_BUNDLE_IDENTIFIER = hanchi.GithubSearchModular;
				PRODUCT_NAME = "$(TARGET_NAME)";
				SWIFT_EMIT_LOC_STRINGS = YES;
				SWIFT_VERSION = 5.0;
				TARGETED_DEVICE_FAMILY = 1;
			};
			name = Debug;
		};
		458B8C5127F1D890000A7FF7 /* Release */ = {
			isa = XCBuildConfiguration;
			buildSettings = {
				ASSETCATALOG_COMPILER_APPICON_NAME = AppIcon;
				ASSETCATALOG_COMPILER_GLOBAL_ACCENT_COLOR_NAME = AccentColor;
				CODE_SIGN_STYLE = Automatic;
				CURRENT_PROJECT_VERSION = 1;
				DEVELOPMENT_TEAM = HM4WJFCVK8;
				GENERATE_INFOPLIST_FILE = YES;
				INFOPLIST_FILE = GithubSearchModular/Info.plist;
				INFOPLIST_KEY_CFBundleDisplayName = Modular;
				INFOPLIST_KEY_UIApplicationSupportsIndirectInputEvents = YES;
				INFOPLIST_KEY_UILaunchStoryboardName = LaunchScreen;
				INFOPLIST_KEY_UIMainStoryboardFile = LaunchScreen;
				INFOPLIST_KEY_UISupportedInterfaceOrientations_iPad = "UIInterfaceOrientationPortrait UIInterfaceOrientationPortraitUpsideDown UIInterfaceOrientationLandscapeLeft UIInterfaceOrientationLandscapeRight";
				INFOPLIST_KEY_UISupportedInterfaceOrientations_iPhone = "UIInterfaceOrientationPortrait UIInterfaceOrientationLandscapeLeft UIInterfaceOrientationLandscapeRight";
				IPHONEOS_DEPLOYMENT_TARGET = 15.0;
				LD_RUNPATH_SEARCH_PATHS = (
					"$(inherited)",
					"@executable_path/Frameworks",
				);
				MARKETING_VERSION = 1.0;
				PRODUCT_BUNDLE_IDENTIFIER = hanchi.GithubSearchModular;
				PRODUCT_NAME = "$(TARGET_NAME)";
				SWIFT_EMIT_LOC_STRINGS = YES;
				SWIFT_VERSION = 5.0;
				TARGETED_DEVICE_FAMILY = 1;
			};
			name = Release;
		};
/* End XCBuildConfiguration section */

/* Begin XCConfigurationList section */
		458B8C3627F1D88D000A7FF7 /* Build configuration list for PBXProject "GithubSearchModular" */ = {
			isa = XCConfigurationList;
			buildConfigurations = (
				458B8C4D27F1D890000A7FF7 /* Debug */,
				458B8C4E27F1D890000A7FF7 /* Release */,
			);
			defaultConfigurationIsVisible = 0;
			defaultConfigurationName = Release;
		};
		458B8C4F27F1D890000A7FF7 /* Build configuration list for PBXNativeTarget "GithubSearchModular" */ = {
			isa = XCConfigurationList;
			buildConfigurations = (
				458B8C5027F1D890000A7FF7 /* Debug */,
				458B8C5127F1D890000A7FF7 /* Release */,
			);
			defaultConfigurationIsVisible = 0;
			defaultConfigurationName = Release;
		};
/* End XCConfigurationList section */

/* Begin XCSwiftPackageProductDependency section */
		4525F4EF27F1F8B400BEA217 /* Core */ = {
			isa = XCSwiftPackageProductDependency;
			productName = Core;
		};
		4560536427F5CB0300BBD4BA /* GithubSearch */ = {
			isa = XCSwiftPackageProductDependency;
			productName = GithubSearch;
		};
		4560536627F5CB0500BBD4BA /* GithubSearchDetail */ = {
			isa = XCSwiftPackageProductDependency;
			productName = GithubSearchDetail;
		};
/* End XCSwiftPackageProductDependency section */
	};
	rootObject = 458B8C3327F1D88D000A7FF7 /* Project object */;
}
